
Microsoft Visual Studio Solution File, Format Version 12.00
# Visual Studio Version 17
VisualStudioVersion = 17.9.34728.123
MinimumVisualStudioVersion = 10.0.40219.1
Project("{9A19103F-16F7-4668-BE54-9A1E7A4F7556}") = "Laboratorio 1", "Laboratorio 1.csproj", "{12D46AE6-1268-4084-B9B7-7A5D508A4118}"
EndProject
Global
	GlobalSection(SolutionConfigurationPlatforms) = preSolution
		Debug|Any CPU = Debug|Any CPU
		Release|Any CPU = Release|Any CPU
	EndGlobalSection
	GlobalSection(ProjectConfigurationPlatforms) = postSolution
		{12D46AE6-1268-4084-B9B7-7A5D508A4118}.Debug|Any CPU.ActiveCfg = Debug|Any CPU
		{12D46AE6-1268-4084-B9B7-7A5D508A4118}.Debug|Any CPU.Build.0 = Debug|Any CPU
		{12D46AE6-1268-4084-B9B7-7A5D508A4118}.Release|Any CPU.ActiveCfg = Release|Any CPU
		{12D46AE6-1268-4084-B9B7-7A5D508A4118}.Release|Any CPU.Build.0 = Release|Any CPU
	EndGlobalSection
	GlobalSection(SolutionProperties) = preSolution
		HideSolutionNode = FALSE
	EndGlobalSection
	GlobalSection(ExtensibilityGlobals) = postSolution
		SolutionGuid = {CEE5B73F-32E7-4F7A-9478-43F7215002FF}
	EndGlobalSection
EndGlobal
